// !$*UTF8*$!
{
	archiveVersion = 1;
	classes = {
	};
	objectVersion = 46;
	objects = {

/* Begin PBXBuildFile section */
		CCE3E0C71A6EADC200D595F6 /* main.m in Sources */ = {isa = PBXBuildFile; fileRef = CCE3E0C61A6EADC200D595F6 /* main.m */; };
		CCE3E0CA1A6EADC200D595F6 /* AppDelegate.m in Sources */ = {isa = PBXBuildFile; fileRef = CCE3E0C91A6EADC200D595F6 /* AppDelegate.m */; };
		CCE3E0D01A6EADC300D595F6 /* Main.storyboard in Resources */ = {isa = PBXBuildFile; fileRef = CCE3E0CE1A6EADC300D595F6 /* Main.storyboard */; };
		CCE3E0D21A6EADC300D595F6 /* Images.xcassets in Resources */ = {isa = PBXBuildFile; fileRef = CCE3E0D11A6EADC300D595F6 /* Images.xcassets */; };
		CCE3E0D51A6EADC300D595F6 /* LaunchScreen.xib in Resources */ = {isa = PBXBuildFile; fileRef = CCE3E0D31A6EADC300D595F6 /* LaunchScreen.xib */; };
		CCE3E0E11A6EADC600D595F6 /* Library_Book_TrackerTests.m in Sources */ = {isa = PBXBuildFile; fileRef = CCE3E0E01A6EADC600D595F6 /* Library_Book_TrackerTests.m */; };
		CCE3E0EC1A6EB06000D595F6 /* BookListTableViewController.m in Sources */ = {isa = PBXBuildFile; fileRef = CCE3E0EB1A6EB06000D595F6 /* BookListTableViewController.m */; };
		CCE3E0EF1A6EB5CF00D595F6 /* BookDetailViewController.m in Sources */ = {isa = PBXBuildFile; fileRef = CCE3E0EE1A6EB5CF00D595F6 /* BookDetailViewController.m */; };
		CCE3E0F21A6EB5F100D595F6 /* AddBookViewController.m in Sources */ = {isa = PBXBuildFile; fileRef = CCE3E0F11A6EB5F100D595F6 /* AddBookViewController.m */; };
		CCE3E0F81A6EE01800D595F6 /* NSObject+StringConverter.m in Sources */ = {isa = PBXBuildFile; fileRef = CCE3E0F71A6EE01800D595F6 /* NSObject+StringConverter.m */; };
/* End PBXBuildFile section */

/* Begin PBXContainerItemProxy section */
		CCE3E0DB1A6EADC500D595F6 /* PBXContainerItemProxy */ = {
			isa = PBXContainerItemProxy;
			containerPortal = CCE3E0B91A6EADC100D595F6 /* Project object */;
			proxyType = 1;
			remoteGlobalIDString = CCE3E0C01A6EADC200D595F6;
			remoteInfo = Library_Book_Tracker;
		};
/* End PBXContainerItemProxy section */

/* Begin PBXFileReference section */
		CCE3E0C11A6EADC200D595F6 /* Library_Book_Tracker.app */ = {isa = PBXFileReference; explicitFileType = wrapper.application; includeInIndex = 0; path = Library_Book_Tracker.app; sourceTree = BUILT_PRODUCTS_DIR; };
		CCE3E0C51A6EADC200D595F6 /* Info.plist */ = {isa = PBXFileReference; lastKnownFileType = text.plist.xml; path = Info.plist; sourceTree = "<group>"; };
		CCE3E0C61A6EADC200D595F6 /* main.m */ = {isa = PBXFileReference; lastKnownFileType = sourcecode.c.objc; path = main.m; sourceTree = "<group>"; };
		CCE3E0C81A6EADC200D595F6 /* AppDelegate.h */ = {isa = PBXFileReference; lastKnownFileType = sourcecode.c.h; path = AppDelegate.h; sourceTree = "<group>"; };
		CCE3E0C91A6EADC200D595F6 /* AppDelegate.m */ = {isa = PBXFileReference; lastKnownFileType = sourcecode.c.objc; path = AppDelegate.m; sourceTree = "<group>"; };
		CCE3E0CF1A6EADC300D595F6 /* Base */ = {isa = PBXFileReference; lastKnownFileType = file.storyboard; name = Base; path = Base.lproj/Main.storyboard; sourceTree = "<group>"; };
		CCE3E0D11A6EADC300D595F6 /* Images.xcassets */ = {isa = PBXFileReference; lastKnownFileType = folder.assetcatalog; path = Images.xcassets; sourceTree = "<group>"; };
		CCE3E0D41A6EADC300D595F6 /* Base */ = {isa = PBXFileReference; lastKnownFileType = file.xib; name = Base; path = Base.lproj/LaunchScreen.xib; sourceTree = "<group>"; };
		CCE3E0DA1A6EADC500D595F6 /* Library_Book_TrackerTests.xctest */ = {isa = PBXFileReference; explicitFileType = wrapper.cfbundle; includeInIndex = 0; path = Library_Book_TrackerTests.xctest; sourceTree = BUILT_PRODUCTS_DIR; };
		CCE3E0DF1A6EADC600D595F6 /* Info.plist */ = {isa = PBXFileReference; lastKnownFileType = text.plist.xml; path = Info.plist; sourceTree = "<group>"; };
		CCE3E0E01A6EADC600D595F6 /* Library_Book_TrackerTests.m */ = {isa = PBXFileReference; lastKnownFileType = sourcecode.c.objc; path = Library_Book_TrackerTests.m; sourceTree = "<group>"; };
		CCE3E0EA1A6EB06000D595F6 /* BookListTableViewController.h */ = {isa = PBXFileReference; fileEncoding = 4; lastKnownFileType = sourcecode.c.h; name = BookListTableViewController.h; path = ../BookListTableViewController.h; sourceTree = "<group>"; };
		CCE3E0EB1A6EB06000D595F6 /* BookListTableViewController.m */ = {isa = PBXFileReference; fileEncoding = 4; lastKnownFileType = sourcecode.c.objc; name = BookListTableViewController.m; path = ../BookListTableViewController.m; sourceTree = "<group>"; };
		CCE3E0ED1A6EB5CF00D595F6 /* BookDetailViewController.h */ = {isa = PBXFileReference; fileEncoding = 4; lastKnownFileType = sourcecode.c.h; path = BookDetailViewController.h; sourceTree = "<group>"; };
		CCE3E0EE1A6EB5CF00D595F6 /* BookDetailViewController.m */ = {isa = PBXFileReference; fileEncoding = 4; lastKnownFileType = sourcecode.c.objc; path = BookDetailViewController.m; sourceTree = "<group>"; };
		CCE3E0F01A6EB5F100D595F6 /* AddBookViewController.h */ = {isa = PBXFileReference; fileEncoding = 4; lastKnownFileType = sourcecode.c.h; path = AddBookViewController.h; sourceTree = "<group>"; };
		CCE3E0F11A6EB5F100D595F6 /* AddBookViewController.m */ = {isa = PBXFileReference; fileEncoding = 4; lastKnownFileType = sourcecode.c.objc; path = AddBookViewController.m; sourceTree = "<group>"; };
		CCE3E0F61A6EE01800D595F6 /* NSObject+StringConverter.h */ = {isa = PBXFileReference; fileEncoding = 4; lastKnownFileType = sourcecode.c.h; path = "NSObject+StringConverter.h"; sourceTree = "<group>"; };
		CCE3E0F71A6EE01800D595F6 /* NSObject+StringConverter.m */ = {isa = PBXFileReference; fileEncoding = 4; lastKnownFileType = sourcecode.c.objc; path = "NSObject+StringConverter.m"; sourceTree = "<group>"; };
/* End PBXFileReference section */

/* Begin PBXFrameworksBuildPhase section */
		CCE3E0BE1A6EADC200D595F6 /* Frameworks */ = {
			isa = PBXFrameworksBuildPhase;
			buildActionMask = 2147483647;
			files = (
			);
			runOnlyForDeploymentPostprocessing = 0;
		};
		CCE3E0D71A6EADC500D595F6 /* Frameworks */ = {
			isa = PBXFrameworksBuildPhase;
			buildActionMask = 2147483647;
			files = (
			);
			runOnlyForDeploymentPostprocessing = 0;
		};
/* End PBXFrameworksBuildPhase section */

/* Begin PBXGroup section */
		CCE3E0B81A6EADC100D595F6 = {
			isa = PBXGroup;
			children = (
				CCE3E0C31A6EADC200D595F6 /* Library_Book_Tracker */,
				CCE3E0FC1A6EEB3900D595F6 /* Categories */,
				CCE3E0DD1A6EADC500D595F6 /* Library_Book_TrackerTests */,
				CCE3E0C21A6EADC200D595F6 /* Products */,
			);
			sourceTree = "<group>";
		};
		CCE3E0C21A6EADC200D595F6 /* Products */ = {
			isa = PBXGroup;
			children = (
				CCE3E0C11A6EADC200D595F6 /* Library_Book_Tracker.app */,
				CCE3E0DA1A6EADC500D595F6 /* Library_Book_TrackerTests.xctest */,
			);
			name = Products;
			sourceTree = "<group>";
		};
		CCE3E0C31A6EADC200D595F6 /* Library_Book_Tracker */ = {
			isa = PBXGroup;
			children = (
				CCE3E0C81A6EADC200D595F6 /* AppDelegate.h */,
				CCE3E0C91A6EADC200D595F6 /* AppDelegate.m */,
				CCE3E0F91A6EEACC00D595F6 /* Screen 1 - Lists Books */,
				CCE3E0FA1A6EEAEB00D595F6 /* Screen 2 - Gives Book Details */,
				CCE3E0FB1A6EEB0400D595F6 /* Screen 3 - Adds New Book */,
				CCE3E0CE1A6EADC300D595F6 /* Main.storyboard */,
				CCE3E0D11A6EADC300D595F6 /* Images.xcassets */,
				CCE3E0D31A6EADC300D595F6 /* LaunchScreen.xib */,
				CCE3E0C41A6EADC200D595F6 /* Supporting Files */,
			);
			path = Library_Book_Tracker;
			sourceTree = "<group>";
		};
		CCE3E0C41A6EADC200D595F6 /* Supporting Files */ = {
			isa = PBXGroup;
			children = (
				CCE3E0C51A6EADC200D595F6 /* Info.plist */,
				CCE3E0C61A6EADC200D595F6 /* main.m */,
			);
			name = "Supporting Files";
			sourceTree = "<group>";
		};
		CCE3E0DD1A6EADC500D595F6 /* Library_Book_TrackerTests */ = {
			isa = PBXGroup;
			children = (
				CCE3E0E01A6EADC600D595F6 /* Library_Book_TrackerTests.m */,
				CCE3E0DE1A6EADC600D595F6 /* Supporting Files */,
			);
			path = Library_Book_TrackerTests;
			sourceTree = "<group>";
		};
		CCE3E0DE1A6EADC600D595F6 /* Supporting Files */ = {
			isa = PBXGroup;
			children = (
				CCE3E0DF1A6EADC600D595F6 /* Info.plist */,
			);
			name = "Supporting Files";
			sourceTree = "<group>";
		};
		CCE3E0F91A6EEACC00D595F6 /* Screen 1 - Lists Books */ = {
			isa = PBXGroup;
			children = (
				CCE3E0EA1A6EB06000D595F6 /* BookListTableViewController.h */,
				CCE3E0EB1A6EB06000D595F6 /* BookListTableViewController.m */,
			);
			name = "Screen 1 - Lists Books";
			sourceTree = "<group>";
		};
		CCE3E0FA1A6EEAEB00D595F6 /* Screen 2 - Gives Book Details */ = {
			isa = PBXGroup;
			children = (
				CCE3E0ED1A6EB5CF00D595F6 /* BookDetailViewController.h */,
				CCE3E0EE1A6EB5CF00D595F6 /* BookDetailViewController.m */,
			);
			name = "Screen 2 - Gives Book Details";
			sourceTree = "<group>";
		};
		CCE3E0FB1A6EEB0400D595F6 /* Screen 3 - Adds New Book */ = {
			isa = PBXGroup;
			children = (
				CCE3E0F01A6EB5F100D595F6 /* AddBookViewController.h */,
				CCE3E0F11A6EB5F100D595F6 /* AddBookViewController.m */,
			);
			name = "Screen 3 - Adds New Book";
			sourceTree = "<group>";
		};
		CCE3E0FC1A6EEB3900D595F6 /* Categories */ = {
			isa = PBXGroup;
			children = (
				CCE3E0F61A6EE01800D595F6 /* NSObject+StringConverter.h */,
				CCE3E0F71A6EE01800D595F6 /* NSObject+StringConverter.m */,
			);
			name = Categories;
			sourceTree = "<group>";
		};
/* End PBXGroup section */

/* Begin PBXNativeTarget section */
		CCE3E0C01A6EADC200D595F6 /* Library_Book_Tracker */ = {
			isa = PBXNativeTarget;
			buildConfigurationList = CCE3E0E41A6EADC600D595F6 /* Build configuration list for PBXNativeTarget "Library_Book_Tracker" */;
			buildPhases = (
				CCE3E0BD1A6EADC200D595F6 /* Sources */,
				CCE3E0BE1A6EADC200D595F6 /* Frameworks */,
				CCE3E0BF1A6EADC200D595F6 /* Resources */,
			);
			buildRules = (
			);
			dependencies = (
			);
			name = Library_Book_Tracker;
			productName = Library_Book_Tracker;
			productReference = CCE3E0C11A6EADC200D595F6 /* Library_Book_Tracker.app */;
			productType = "com.apple.product-type.application";
		};
		CCE3E0D91A6EADC500D595F6 /* Library_Book_TrackerTests */ = {
			isa = PBXNativeTarget;
			buildConfigurationList = CCE3E0E71A6EADC600D595F6 /* Build configuration list for PBXNativeTarget "Library_Book_TrackerTests" */;
			buildPhases = (
				CCE3E0D61A6EADC500D595F6 /* Sources */,
				CCE3E0D71A6EADC500D595F6 /* Frameworks */,
				CCE3E0D81A6EADC500D595F6 /* Resources */,
			);
			buildRules = (
			);
			dependencies = (
				CCE3E0DC1A6EADC500D595F6 /* PBXTargetDependency */,
			);
			name = Library_Book_TrackerTests;
			productName = Library_Book_TrackerTests;
			productReference = CCE3E0DA1A6EADC500D595F6 /* Library_Book_TrackerTests.xctest */;
			productType = "com.apple.product-type.bundle.unit-test";
		};
/* End PBXNativeTarget section */

/* Begin PBXProject section */
		CCE3E0B91A6EADC100D595F6 /* Project object */ = {
			isa = PBXProject;
			attributes = {
				LastUpgradeCheck = 0610;
				ORGANIZATIONNAME = AlexCevallos;
				TargetAttributes = {
					CCE3E0C01A6EADC200D595F6 = {
						CreatedOnToolsVersion = 6.1.1;
					};
					CCE3E0D91A6EADC500D595F6 = {
						CreatedOnToolsVersion = 6.1.1;
						TestTargetID = CCE3E0C01A6EADC200D595F6;
					};
				};
			};
			buildConfigurationList = CCE3E0BC1A6EADC100D595F6 /* Build configuration list for PBXProject "Library_Book_Tracker" */;
			compatibilityVersion = "Xcode 3.2";
			developmentRegion = English;
			hasScannedForEncodings = 0;
			knownRegions = (
				en,
				Base,
			);
			mainGroup = CCE3E0B81A6EADC100D595F6;
			productRefGroup = CCE3E0C21A6EADC200D595F6 /* Products */;
			projectDirPath = "";
			projectRoot = "";
			targets = (
				CCE3E0C01A6EADC200D595F6 /* Library_Book_Tracker */,
				CCE3E0D91A6EADC500D595F6 /* Library_Book_TrackerTests */,
			);
		};
/* End PBXProject section */

/* Begin PBXResourcesBuildPhase section */
		CCE3E0BF1A6EADC200D595F6 /* Resources */ = {
			isa = PBXResourcesBuildPhase;
			buildActionMask = 2147483647;
			files = (
				CCE3E0D01A6EADC300D595F6 /* Main.storyboard in Resources */,
				CCE3E0D51A6EADC300D595F6 /* LaunchScreen.xib in Resources */,
				CCE3E0D21A6EADC300D595F6 /* Images.xcassets in Resources */,
			);
			runOnlyForDeploymentPostprocessing = 0;
		};
		CCE3E0D81A6EADC500D595F6 /* Resources */ = {
			isa = PBXResourcesBuildPhase;
			buildActionMask = 2147483647;
			files = (
			);
			runOnlyForDeploymentPostprocessing = 0;
		};
/* End PBXResourcesBuildPhase section */

/* Begin PBXSourcesBuildPhase section */
		CCE3E0BD1A6EADC200D595F6 /* Sources */ = {
			isa = PBXSourcesBuildPhase;
			buildActionMask = 2147483647;
			files = (
				CCE3E0EC1A6EB06000D595F6 /* BookListTableViewController.m in Sources */,
				CCE3E0F81A6EE01800D595F6 /* NSObject+StringConverter.m in Sources */,
				CCE3E0CA1A6EADC200D595F6 /* AppDelegate.m in Sources */,
				CCE3E0EF1A6EB5CF00D595F6 /* BookDetailViewController.m in Sources */,
				CCE3E0F21A6EB5F100D595F6 /* AddBookViewController.m in Sources */,
				CCE3E0C71A6EADC200D595F6 /* main.m in Sources */,
			);
			runOnlyForDeploymentPostprocessing = 0;
		};
		CCE3E0D61A6EADC500D595F6 /* Sources */ = {
			isa = PBXSourcesBuildPhase;
			buildActionMask = 2147483647;
			files = (
				CCE3E0E11A6EADC600D595F6 /* Library_Book_TrackerTests.m in Sources */,
			);
			runOnlyForDeploymentPostprocessing = 0;
		};
/* End PBXSourcesBuildPhase section */

/* Begin PBXTargetDependency section */
		CCE3E0DC1A6EADC500D595F6 /* PBXTargetDependency */ = {
			isa = PBXTargetDependency;
			target = CCE3E0C01A6EADC200D595F6 /* Library_Book_Tracker */;
			targetProxy = CCE3E0DB1A6EADC500D595F6 /* PBXContainerItemProxy */;
		};
/* End PBXTargetDependency section */

/* Begin PBXVariantGroup section */
		CCE3E0CE1A6EADC300D595F6 /* Main.storyboard */ = {
			isa = PBXVariantGroup;
			children = (
				CCE3E0CF1A6EADC300D595F6 /* Base */,
			);
			name = Main.storyboard;
			sourceTree = "<group>";
		};
		CCE3E0D31A6EADC300D595F6 /* LaunchScreen.xib */ = {
			isa = PBXVariantGroup;
			children = (
				CCE3E0D41A6EADC300D595F6 /* Base */,
			);
			name = LaunchScreen.xib;
			sourceTree = "<group>";
		};
/* End PBXVariantGroup section */

/* Begin XCBuildConfiguration section */
		CCE3E0E21A6EADC600D595F6 /* Debug */ = {
			isa = XCBuildConfiguration;
			buildSettings = {
				ALWAYS_SEARCH_USER_PATHS = NO;
				CLANG_CXX_LANGUAGE_STANDARD = "gnu++0x";
				CLANG_CXX_LIBRARY = "libc++";
				CLANG_ENABLE_MODULES = YES;
				CLANG_ENABLE_OBJC_ARC = YES;
				CLANG_WARN_BOOL_CONVERSION = YES;
				CLANG_WARN_CONSTANT_CONVERSION = YES;
				CLANG_WARN_DIRECT_OBJC_ISA_USAGE = YES_ERROR;
				CLANG_WARN_EMPTY_BODY = YES;
				CLANG_WARN_ENUM_CONVERSION = YES;
				CLANG_WARN_INT_CONVERSION = YES;
				CLANG_WARN_OBJC_ROOT_CLASS = YES_ERROR;
				CLANG_WARN_UNREACHABLE_CODE = YES;
				CLANG_WARN__DUPLICATE_METHOD_MATCH = YES;
				"CODE_SIGN_IDENTITY[sdk=iphoneos*]" = "iPhone Developer";
				COPY_PHASE_STRIP = NO;
				ENABLE_STRICT_OBJC_MSGSEND = YES;
				GCC_C_LANGUAGE_STANDARD = gnu99;
				GCC_DYNAMIC_NO_PIC = NO;
				GCC_OPTIMIZATION_LEVEL = 0;
				GCC_PREPROCESSOR_DEFINITIONS = (
					"DEBUG=1",
					"$(inherited)",
				);
				GCC_SYMBOLS_PRIVATE_EXTERN = NO;
				GCC_WARN_64_TO_32_BIT_CONVERSION = YES;
				GCC_WARN_ABOUT_RETURN_TYPE = YES_ERROR;
				GCC_WARN_UNDECLARED_SELECTOR = YES;
				GCC_WARN_UNINITIALIZED_AUTOS = YES_AGGRESSIVE;
				GCC_WARN_UNUSED_FUNCTION = YES;
				GCC_WARN_UNUSED_VARIABLE = YES;
				IPHONEOS_DEPLOYMENT_TARGET = 8.1;
				MTL_ENABLE_DEBUG_INFO = YES;
				ONLY_ACTIVE_ARCH = YES;
				SDKROOT = iphoneos;
			};
			name = Debug;
		};
		CCE3E0E31A6EADC600D595F6 /* Release */ = {
			isa = XCBuildConfiguration;
			buildSettings = {
				ALWAYS_SEARCH_USER_PATHS = NO;
				CLANG_CXX_LANGUAGE_STANDARD = "gnu++0x";
				CLANG_CXX_LIBRARY = "libc++";
				CLANG_ENABLE_MODULES = YES;
				CLANG_ENABLE_OBJC_ARC = YES;
				CLANG_WARN_BOOL_CONVERSION = YES;
				CLANG_WARN_CONSTANT_CONVERSION = YES;
				CLANG_WARN_DIRECT_OBJC_ISA_USAGE = YES_ERROR;
				CLANG_WARN_EMPTY_BODY = YES;
				CLANG_WARN_ENUM_CONVERSION = YES;
				CLANG_WARN_INT_CONVERSION = YES;
				CLANG_WARN_OBJC_ROOT_CLASS = YES_ERROR;
				CLANG_WARN_UNREACHABLE_CODE = YES;
				CLANG_WARN__DUPLICATE_METHOD_MATCH = YES;
				"CODE_SIGN_IDENTITY[sdk=iphoneos*]" = "iPhone Developer";
				COPY_PHASE_STRIP = YES;
				ENABLE_NS_ASSERTIONS = NO;
				ENABLE_STRICT_OBJC_MSGSEND = YES;
				GCC_C_LANGUAGE_STANDARD = gnu99;
				GCC_WARN_64_TO_32_BIT_CONVERSION = YES;
				GCC_WARN_ABOUT_RETURN_TYPE = YES_ERROR;
				GCC_WARN_UNDECLARED_SELECTOR = YES;
				GCC_WARN_UNINITIALIZED_AUTOS = YES_AGGRESSIVE;
				GCC_WARN_UNUSED_FUNCTION = YES;
				GCC_WARN_UNUSED_VARIABLE = YES;
				IPHONEOS_DEPLOYMENT_TARGET = 8.1;
				MTL_ENABLE_DEBUG_INFO = NO;
				SDKROOT = iphoneos;
				VALIDATE_PRODUCT = YES;
			};
			name = Release;
		};
		CCE3E0E51A6EADC600D595F6 /* Debug */ = {
			isa = XCBuildConfiguration;
			buildSettings = {
				ASSETCATALOG_COMPILER_APPICON_NAME = AppIcon;
				INFOPLIST_FILE = Library_Book_Tracker/Info.plist;
				IPHONEOS_DEPLOYMENT_TARGET = 7.1;
				LD_RUNPATH_SEARCH_PATHS = "$(inherited) @executable_path/Frameworks";
				PRODUCT_NAME = "$(TARGET_NAME)";
			};
			name = Debug;
		};
		CCE3E0E61A6EADC600D595F6 /* Release */ = {
			isa = XCBuildConfiguration;
			buildSettings = {
				ASSETCATALOG_COMPILER_APPICON_NAME = AppIcon;
				INFOPLIST_FILE = Library_Book_Tracker/Info.plist;
				IPHONEOS_DEPLOYMENT_TARGET = 7.1;
				LD_RUNPATH_SEARCH_PATHS = "$(inherited) @executable_path/Frameworks";
				PRODUCT_NAME = "$(TARGET_NAME)";
			};
			name = Release;
		};
		CCE3E0E81A6EADC600D595F6 /* Debug */ = {
			isa = XCBuildConfiguration;
			buildSettings = {
				BUNDLE_LOADER = "$(TEST_HOST)";
				FRAMEWORK_SEARCH_PATHS = (
					"$(SDKROOT)/Developer/Library/Frameworks",
					"$(inherited)",
				);
				GCC_PREPROCESSOR_DEFINITIONS = (
					"DEBUG=1",
					"$(inherited)",
				);
				INFOPLIST_FILE = Library_Book_TrackerTests/Info.plist;
				LD_RUNPATH_SEARCH_PATHS = "$(inherited) @executable_path/Frameworks @loader_path/Frameworks";
				PRODUCT_NAME = "$(TARGET_NAME)";
				TEST_HOST = "$(BUILT_PRODUCTS_DIR)/Library_Book_Tracker.app/Library_Book_Tracker";
			};
			name = Debug;
		};
		CCE3E0E91A6EADC600D595F6 /* Release */ = {
			isa = XCBuildConfiguration;
			buildSettings = {
				BUNDLE_LOADER = "$(TEST_HOST)";
				FRAMEWORK_SEARCH_PATHS = (
					"$(SDKROOT)/Developer/Library/Frameworks",
					"$(inherited)",
				);
				INFOPLIST_FILE = Library_Book_TrackerTests/Info.plist;
				LD_RUNPATH_SEARCH_PATHS = "$(inherited) @executable_path/Frameworks @loader_path/Frameworks";
				PRODUCT_NAME = "$(TARGET_NAME)";
				TEST_HOST = "$(BUILT_PRODUCTS_DIR)/Library_Book_Tracker.app/Library_Book_Tracker";
			};
			name = Release;
		};
/* End XCBuildConfiguration section */

/* Begin XCConfigurationList section */
		CCE3E0BC1A6EADC100D595F6 /* Build configuration list for PBXProject "Library_Book_Tracker" */ = {
			isa = XCConfigurationList;
			buildConfigurations = (
				CCE3E0E21A6EADC600D595F6 /* Debug */,
				CCE3E0E31A6EADC600D595F6 /* Release */,
			);
			defaultConfigurationIsVisible = 0;
			defaultConfigurationName = Release;
		};
		CCE3E0E41A6EADC600D595F6 /* Build configuration list for PBXNativeTarget "Library_Book_Tracker" */ = {
			isa = XCConfigurationList;
			buildConfigurations = (
				CCE3E0E51A6EADC600D595F6 /* Debug */,
				CCE3E0E61A6EADC600D595F6 /* Release */,
			);
			defaultConfigurationIsVisible = 0;
		};
		CCE3E0E71A6EADC600D595F6 /* Build configuration list for PBXNativeTarget "Library_Book_TrackerTests" */ = {
			isa = XCConfigurationList;
			buildConfigurations = (
				CCE3E0E81A6EADC600D595F6 /* Debug */,
				CCE3E0E91A6EADC600D595F6 /* Release */,
			);
			defaultConfigurationIsVisible = 0;
		};
/* End XCConfigurationList section */
	};
	rootObject = CCE3E0B91A6EADC100D595F6 /* Project object */;
}
